# Generated manually to provide a dependency lock for CI. Regenerate with `flutter pub get` when the Flutter/Dart SDK is available.
packages:
  alan:
    dependency: "direct main"
    description:
      name: alan
      url: "https://pub.dev"
    source: hosted
    version: "0.41.4+1"
  grpc:
    dependency: "direct main"
    description:
      name: grpc
      url: "https://pub.dev"
    source: hosted
    version: "3.0.0"
  hex:
    dependency: "direct main"
    description:
      name: hex
      url: "https://pub.dev"
    source: hosted
    version: "0.2.0"
  flutter_secure_storage:
    dependency: "direct main"
    description:
      path: flutter_secure_storage
      ref: feature/biometric_mobile
      url: https://github.com/aura-nw/flutter_secure_storage.git
    source: git
    version: "8.0.0"
  build_runner:
    dependency: "direct dev"
    description:
      name: build_runner
      url: "https://pub.dev"
    source: hosted
    version: "2.4.6"
  flutter_lints:
    dependency: "direct dev"
    description:
      name: flutter_lints
      url: "https://pub.dev"
    source: hosted
    version: "2.0.3"
  mobx_codegen:
    dependency: "direct dev"
    description:
      name: mobx_codegen
      url: "https://pub.dev"
    source: hosted
    version: "2.4.0"
  mockito:
    dependency: "direct dev"
    description:
      name: mockito
      url: "https://pub.dev"
    source: hosted
    version: "5.4.2"
  flutter:
    dependency: transitive
    description: flutter
    source: sdk
    version: "0.0.0"
  flutter_test:
    dependency: "direct dev"
    description: flutter
    source: sdk
    version: "0.0.0"
  sky_engine:
    dependency: transitive
    description: flutter
    source: sdk
    version: "0.0.99"
sdks:
  dart: ">=3.1.0 <4.0.0"
  flutter: ">=1.17.0"
